// !$*UTF8*$!
{
	archiveVersion = 1;
	classes = {
	};
	objectVersion = 56;
	objects = {

/* Begin PBXBuildFile section */
		805B20502B401D700091699C /* ProjectSF333App.swift in Sources */ = {isa = PBXBuildFile; fileRef = 805B204F2B401D700091699C /* ProjectSF333App.swift */; };
		805B20522B401D700091699C /* ContentView.swift in Sources */ = {isa = PBXBuildFile; fileRef = 805B20512B401D700091699C /* ContentView.swift */; };
		805B20542B401D720091699C /* Assets.xcassets in Resources */ = {isa = PBXBuildFile; fileRef = 805B20532B401D720091699C /* Assets.xcassets */; };
		805B20572B401D720091699C /* Preview Assets.xcassets in Resources */ = {isa = PBXBuildFile; fileRef = 805B20562B401D720091699C /* Preview Assets.xcassets */; };
		805B20612B401D720091699C /* ProjectSF333Tests.swift in Sources */ = {isa = PBXBuildFile; fileRef = 805B20602B401D720091699C /* ProjectSF333Tests.swift */; };
		805B206B2B401D720091699C /* ProjectSF333UITests.swift in Sources */ = {isa = PBXBuildFile; fileRef = 805B206A2B401D720091699C /* ProjectSF333UITests.swift */; };
		805B206D2B401D720091699C /* ProjectSF333UITestsLaunchTests.swift in Sources */ = {isa = PBXBuildFile; fileRef = 805B206C2B401D720091699C /* ProjectSF333UITestsLaunchTests.swift */; };
		805B207A2B401EFE0091699C /* CustomTabBar.swift in Sources */ = {isa = PBXBuildFile; fileRef = 805B20792B401EFE0091699C /* CustomTabBar.swift */; };
		805B207F2B4062CA0091699C /* Game1.swift in Sources */ = {isa = PBXBuildFile; fileRef = 805B207E2B4062CA0091699C /* Game1.swift */; };
/* End PBXBuildFile section */

/* Begin PBXContainerItemProxy section */
		805B205D2B401D720091699C /* PBXContainerItemProxy */ = {
			isa = PBXContainerItemProxy;
			containerPortal = 805B20442B401D700091699C /* Project object */;
			proxyType = 1;
			remoteGlobalIDString = 805B204B2B401D700091699C;
			remoteInfo = ProjectSF333;
		};
		805B20672B401D720091699C /* PBXContainerItemProxy */ = {
			isa = PBXContainerItemProxy;
			containerPortal = 805B20442B401D700091699C /* Project object */;
			proxyType = 1;
			remoteGlobalIDString = 805B204B2B401D700091699C;
			remoteInfo = ProjectSF333;
		};
/* End PBXContainerItemProxy section */

/* Begin PBXFileReference section */
		805B204C2B401D700091699C /* ProjectSF333.app */ = {isa = PBXFileReference; explicitFileType = wrapper.application; includeInIndex = 0; path = ProjectSF333.app; sourceTree = BUILT_PRODUCTS_DIR; };
		805B204F2B401D700091699C /* ProjectSF333App.swift */ = {isa = PBXFileReference; lastKnownFileType = sourcecode.swift; path = ProjectSF333App.swift; sourceTree = "<group>"; };
		805B20512B401D700091699C /* ContentView.swift */ = {isa = PBXFileReference; lastKnownFileType = sourcecode.swift; path = ContentView.swift; sourceTree = "<group>"; };
		805B20532B401D720091699C /* Assets.xcassets */ = {isa = PBXFileReference; lastKnownFileType = folder.assetcatalog; path = Assets.xcassets; sourceTree = "<group>"; };
		805B20562B401D720091699C /* Preview Assets.xcassets */ = {isa = PBXFileReference; lastKnownFileType = folder.assetcatalog; path = "Preview Assets.xcassets"; sourceTree = "<group>"; };
		805B205C2B401D720091699C /* ProjectSF333Tests.xctest */ = {isa = PBXFileReference; explicitFileType = wrapper.cfbundle; includeInIndex = 0; path = ProjectSF333Tests.xctest; sourceTree = BUILT_PRODUCTS_DIR; };
		805B20602B401D720091699C /* ProjectSF333Tests.swift */ = {isa = PBXFileReference; lastKnownFileType = sourcecode.swift; path = ProjectSF333Tests.swift; sourceTree = "<group>"; };
		805B20662B401D720091699C /* ProjectSF333UITests.xctest */ = {isa = PBXFileReference; explicitFileType = wrapper.cfbundle; includeInIndex = 0; path = ProjectSF333UITests.xctest; sourceTree = BUILT_PRODUCTS_DIR; };
		805B206A2B401D720091699C /* ProjectSF333UITests.swift */ = {isa = PBXFileReference; lastKnownFileType = sourcecode.swift; path = ProjectSF333UITests.swift; sourceTree = "<group>"; };
		805B206C2B401D720091699C /* ProjectSF333UITestsLaunchTests.swift */ = {isa = PBXFileReference; lastKnownFileType = sourcecode.swift; path = ProjectSF333UITestsLaunchTests.swift; sourceTree = "<group>"; };
		805B20792B401EFE0091699C /* CustomTabBar.swift */ = {isa = PBXFileReference; lastKnownFileType = sourcecode.swift; path = CustomTabBar.swift; sourceTree = "<group>"; };
		805B207E2B4062CA0091699C /* Game1.swift */ = {isa = PBXFileReference; lastKnownFileType = sourcecode.swift; path = Game1.swift; sourceTree = "<group>"; };
/* End PBXFileReference section */

/* Begin PBXFrameworksBuildPhase section */
		805B20492B401D700091699C /* Frameworks */ = {
			isa = PBXFrameworksBuildPhase;
			buildActionMask = 2147483647;
			files = (
			);
			runOnlyForDeploymentPostprocessing = 0;
		};
		805B20592B401D720091699C /* Frameworks */ = {
			isa = PBXFrameworksBuildPhase;
			buildActionMask = 2147483647;
			files = (
			);
			runOnlyForDeploymentPostprocessing = 0;
		};
		805B20632B401D720091699C /* Frameworks */ = {
			isa = PBXFrameworksBuildPhase;
			buildActionMask = 2147483647;
			files = (
			);
			runOnlyForDeploymentPostprocessing = 0;
		};
/* End PBXFrameworksBuildPhase section */

/* Begin PBXGroup section */
		805B20432B401D700091699C = {
			isa = PBXGroup;
			children = (
				805B204E2B401D700091699C /* ProjectSF333 */,
				805B205F2B401D720091699C /* ProjectSF333Tests */,
				805B20692B401D720091699C /* ProjectSF333UITests */,
				805B204D2B401D700091699C /* Products */,
			);
			sourceTree = "<group>";
		};
		805B204D2B401D700091699C /* Products */ = {
			isa = PBXGroup;
			children = (
				805B204C2B401D700091699C /* ProjectSF333.app */,
				805B205C2B401D720091699C /* ProjectSF333Tests.xctest */,
				805B20662B401D720091699C /* ProjectSF333UITests.xctest */,
			);
			name = Products;
			sourceTree = "<group>";
		};
		805B204E2B401D700091699C /* ProjectSF333 */ = {
			isa = PBXGroup;
			children = (
				805B207E2B4062CA0091699C /* Game1.swift */,
				805B20792B401EFE0091699C /* CustomTabBar.swift */,
				805B204F2B401D700091699C /* ProjectSF333App.swift */,
				805B20512B401D700091699C /* ContentView.swift */,
				805B20532B401D720091699C /* Assets.xcassets */,
				805B20552B401D720091699C /* Preview Content */,
			);
			path = ProjectSF333;
			sourceTree = "<group>";
		};
		805B20552B401D720091699C /* Preview Content */ = {
			isa = PBXGroup;
			children = (
				805B20562B401D720091699C /* Preview Assets.xcassets */,
			);
			path = "Preview Content";
			sourceTree = "<group>";
		};
		805B205F2B401D720091699C /* ProjectSF333Tests */ = {
			isa = PBXGroup;
			children = (
				805B20602B401D720091699C /* ProjectSF333Tests.swift */,
			);
			path = ProjectSF333Tests;
			sourceTree = "<group>";
		};
		805B20692B401D720091699C /* ProjectSF333UITests */ = {
			isa = PBXGroup;
			children = (
				805B206A2B401D720091699C /* ProjectSF333UITests.swift */,
				805B206C2B401D720091699C /* ProjectSF333UITestsLaunchTests.swift */,
			);
			path = ProjectSF333UITests;
			sourceTree = "<group>";
		};
/* End PBXGroup section */

/* Begin PBXNativeTarget section */
		805B204B2B401D700091699C /* ProjectSF333 */ = {
			isa = PBXNativeTarget;
			buildConfigurationList = 805B20702B401D720091699C /* Build configuration list for PBXNativeTarget "ProjectSF333" */;
			buildPhases = (
				805B20482B401D700091699C /* Sources */,
				805B20492B401D700091699C /* Frameworks */,
				805B204A2B401D700091699C /* Resources */,
			);
			buildRules = (
			);
			dependencies = (
			);
			name = ProjectSF333;
			productName = ProjectSF333;
			productReference = 805B204C2B401D700091699C /* ProjectSF333.app */;
			productType = "com.apple.product-type.application";
		};
		805B205B2B401D720091699C /* ProjectSF333Tests */ = {
			isa = PBXNativeTarget;
			buildConfigurationList = 805B20732B401D720091699C /* Build configuration list for PBXNativeTarget "ProjectSF333Tests" */;
			buildPhases = (
				805B20582B401D720091699C /* Sources */,
				805B20592B401D720091699C /* Frameworks */,
				805B205A2B401D720091699C /* Resources */,
			);
			buildRules = (
			);
			dependencies = (
				805B205E2B401D720091699C /* PBXTargetDependency */,
			);
			name = ProjectSF333Tests;
			productName = ProjectSF333Tests;
			productReference = 805B205C2B401D720091699C /* ProjectSF333Tests.xctest */;
			productType = "com.apple.product-type.bundle.unit-test";
		};
		805B20652B401D720091699C /* ProjectSF333UITests */ = {
			isa = PBXNativeTarget;
			buildConfigurationList = 805B20762B401D720091699C /* Build configuration list for PBXNativeTarget "ProjectSF333UITests" */;
			buildPhases = (
				805B20622B401D720091699C /* Sources */,
				805B20632B401D720091699C /* Frameworks */,
				805B20642B401D720091699C /* Resources */,
			);
			buildRules = (
			);
			dependencies = (
				805B20682B401D720091699C /* PBXTargetDependency */,
			);
			name = ProjectSF333UITests;
			productName = ProjectSF333UITests;
			productReference = 805B20662B401D720091699C /* ProjectSF333UITests.xctest */;
			productType = "com.apple.product-type.bundle.ui-testing";
		};
/* End PBXNativeTarget section */

/* Begin PBXProject section */
		805B20442B401D700091699C /* Project object */ = {
			isa = PBXProject;
			attributes = {
				BuildIndependentTargetsInParallel = 1;
				LastSwiftUpdateCheck = 1510;
				LastUpgradeCheck = 1510;
				TargetAttributes = {
					805B204B2B401D700091699C = {
						CreatedOnToolsVersion = 15.1;
					};
					805B205B2B401D720091699C = {
						CreatedOnToolsVersion = 15.1;
						TestTargetID = 805B204B2B401D700091699C;
					};
					805B20652B401D720091699C = {
						CreatedOnToolsVersion = 15.1;
						TestTargetID = 805B204B2B401D700091699C;
					};
				};
			};
			buildConfigurationList = 805B20472B401D700091699C /* Build configuration list for PBXProject "ProjectSF333" */;
			compatibilityVersion = "Xcode 14.0";
			developmentRegion = en;
			hasScannedForEncodings = 0;
			knownRegions = (
				en,
				Base,
			);
			mainGroup = 805B20432B401D700091699C;
			productRefGroup = 805B204D2B401D700091699C /* Products */;
			projectDirPath = "";
			projectRoot = "";
			targets = (
				805B204B2B401D700091699C /* ProjectSF333 */,
				805B205B2B401D720091699C /* ProjectSF333Tests */,
				805B20652B401D720091699C /* ProjectSF333UITests */,
			);
		};
/* End PBXProject section */

/* Begin PBXResourcesBuildPhase section */
		805B204A2B401D700091699C /* Resources */ = {
			isa = PBXResourcesBuildPhase;
			buildActionMask = 2147483647;
			files = (
				805B20572B401D720091699C /* Preview Assets.xcassets in Resources */,
				805B20542B401D720091699C /* Assets.xcassets in Resources */,
			);
			runOnlyForDeploymentPostprocessing = 0;
		};
		805B205A2B401D720091699C /* Resources */ = {
			isa = PBXResourcesBuildPhase;
			buildActionMask = 2147483647;
			files = (
			);
			runOnlyForDeploymentPostprocessing = 0;
		};
		805B20642B401D720091699C /* Resources */ = {
			isa = PBXResourcesBuildPhase;
			buildActionMask = 2147483647;
			files = (
			);
			runOnlyForDeploymentPostprocessing = 0;
		};
/* End PBXResourcesBuildPhase section */

/* Begin PBXSourcesBuildPhase section */
		805B20482B401D700091699C /* Sources */ = {
			isa = PBXSourcesBuildPhase;
			buildActionMask = 2147483647;
			files = (
				805B20522B401D700091699C /* ContentView.swift in Sources */,
				805B207F2B4062CA0091699C /* Game1.swift in Sources */,
				805B207A2B401EFE0091699C /* CustomTabBar.swift in Sources */,
				805B20502B401D700091699C /* ProjectSF333App.swift in Sources */,
			);
			runOnlyForDeploymentPostprocessing = 0;
		};
		805B20582B401D720091699C /* Sources */ = {
			isa = PBXSourcesBuildPhase;
			buildActionMask = 2147483647;
			files = (
				805B20612B401D720091699C /* ProjectSF333Tests.swift in Sources */,
			);
			runOnlyForDeploymentPostprocessing = 0;
		};
		805B20622B401D720091699C /* Sources */ = {
			isa = PBXSourcesBuildPhase;
			buildActionMask = 2147483647;
			files = (
				805B206B2B401D720091699C /* ProjectSF333UITests.swift in Sources */,
				805B206D2B401D720091699C /* ProjectSF333UITestsLaunchTests.swift in Sources */,
			);
			runOnlyForDeploymentPostprocessing = 0;
		};
/* End PBXSourcesBuildPhase section */

/* Begin PBXTargetDependency section */
		805B205E2B401D720091699C /* PBXTargetDependency */ = {
			isa = PBXTargetDependency;
			target = 805B204B2B401D700091699C /* ProjectSF333 */;
			targetProxy = 805B205D2B401D720091699C /* PBXContainerItemProxy */;
		};
		805B20682B401D720091699C /* PBXTargetDependency */ = {
			isa = PBXTargetDependency;
			target = 805B204B2B401D700091699C /* ProjectSF333 */;
			targetProxy = 805B20672B401D720091699C /* PBXContainerItemProxy */;
		};
/* End PBXTargetDependency section */

/* Begin XCBuildConfiguration section */
		805B206E2B401D720091699C /* Debug */ = {
			isa = XCBuildConfiguration;
			buildSettings = {
				ALWAYS_SEARCH_USER_PATHS = NO;
				ASSETCATALOG_COMPILER_GENERATE_SWIFT_ASSET_SYMBOL_EXTENSIONS = YES;
				CLANG_ANALYZER_NONNULL = YES;
				CLANG_ANALYZER_NUMBER_OBJECT_CONVERSION = YES_AGGRESSIVE;
				CLANG_CXX_LANGUAGE_STANDARD = "gnu++20";
				CLANG_ENABLE_MODULES = YES;
				CLANG_ENABLE_OBJC_ARC = YES;
				CLANG_ENABLE_OBJC_WEAK = YES;
				CLANG_WARN_BLOCK_CAPTURE_AUTORELEASING = YES;
				CLANG_WARN_BOOL_CONVERSION = YES;
				CLANG_WARN_COMMA = YES;
				CLANG_WARN_CONSTANT_CONVERSION = YES;
				CLANG_WARN_DEPRECATED_OBJC_IMPLEMENTATIONS = YES;
				CLANG_WARN_DIRECT_OBJC_ISA_USAGE = YES_ERROR;
				CLANG_WARN_DOCUMENTATION_COMMENTS = YES;
				CLANG_WARN_EMPTY_BODY = YES;
				CLANG_WARN_ENUM_CONVERSION = YES;
				CLANG_WARN_INFINITE_RECURSION = YES;
				CLANG_WARN_INT_CONVERSION = YES;
				CLANG_WARN_NON_LITERAL_NULL_CONVERSION = YES;
				CLANG_WARN_OBJC_IMPLICIT_RETAIN_SELF = YES;
				CLANG_WARN_OBJC_LITERAL_CONVERSION = YES;
				CLANG_WARN_OBJC_ROOT_CLASS = YES_ERROR;
				CLANG_WARN_QUOTED_INCLUDE_IN_FRAMEWORK_HEADER = YES;
				CLANG_WARN_RANGE_LOOP_ANALYSIS = YES;
				CLANG_WARN_STRICT_PROTOTYPES = YES;
				CLANG_WARN_SUSPICIOUS_MOVE = YES;
				CLANG_WARN_UNGUARDED_AVAILABILITY = YES_AGGRESSIVE;
				CLANG_WARN_UNREACHABLE_CODE = YES;
				CLANG_WARN__DUPLICATE_METHOD_MATCH = YES;
				COPY_PHASE_STRIP = NO;
				DEBUG_INFORMATION_FORMAT = dwarf;
				ENABLE_STRICT_OBJC_MSGSEND = YES;
				ENABLE_TESTABILITY = YES;
				ENABLE_USER_SCRIPT_SANDBOXING = YES;
				GCC_C_LANGUAGE_STANDARD = gnu17;
				GCC_DYNAMIC_NO_PIC = NO;
				GCC_NO_COMMON_BLOCKS = YES;
				GCC_OPTIMIZATION_LEVEL = 0;
				GCC_PREPROCESSOR_DEFINITIONS = (
					"DEBUG=1",
					"$(inherited)",
				);
				GCC_WARN_64_TO_32_BIT_CONVERSION = YES;
				GCC_WARN_ABOUT_RETURN_TYPE = YES_ERROR;
				GCC_WARN_UNDECLARED_SELECTOR = YES;
				GCC_WARN_UNINITIALIZED_AUTOS = YES_AGGRESSIVE;
				GCC_WARN_UNUSED_FUNCTION = YES;
				GCC_WARN_UNUSED_VARIABLE = YES;
				IPHONEOS_DEPLOYMENT_TARGET = 17.2;
				LOCALIZATION_PREFERS_STRING_CATALOGS = YES;
				MTL_ENABLE_DEBUG_INFO = INCLUDE_SOURCE;
				MTL_FAST_MATH = YES;
				ONLY_ACTIVE_ARCH = YES;
				SDKROOT = iphoneos;
				SWIFT_ACTIVE_COMPILATION_CONDITIONS = "DEBUG $(inherited)";
				SWIFT_OPTIMIZATION_LEVEL = "-Onone";
			};
			name = Debug;
		};
		805B206F2B401D720091699C /* Release */ = {
			isa = XCBuildConfiguration;
			buildSettings = {
				ALWAYS_SEARCH_USER_PATHS = NO;
				ASSETCATALOG_COMPILER_GENERATE_SWIFT_ASSET_SYMBOL_EXTENSIONS = YES;
				CLANG_ANALYZER_NONNULL = YES;
				CLANG_ANALYZER_NUMBER_OBJECT_CONVERSION = YES_AGGRESSIVE;
				CLANG_CXX_LANGUAGE_STANDARD = "gnu++20";
				CLANG_ENABLE_MODULES = YES;
				CLANG_ENABLE_OBJC_ARC = YES;
				CLANG_ENABLE_OBJC_WEAK = YES;
				CLANG_WARN_BLOCK_CAPTURE_AUTORELEASING = YES;
				CLANG_WARN_BOOL_CONVERSION = YES;
				CLANG_WARN_COMMA = YES;
				CLANG_WARN_CONSTANT_CONVERSION = YES;
				CLANG_WARN_DEPRECATED_OBJC_IMPLEMENTATIONS = YES;
				CLANG_WARN_DIRECT_OBJC_ISA_USAGE = YES_ERROR;
				CLANG_WARN_DOCUMENTATION_COMMENTS = YES;
				CLANG_WARN_EMPTY_BODY = YES;
				CLANG_WARN_ENUM_CONVERSION = YES;
				CLANG_WARN_INFINITE_RECURSION = YES;
				CLANG_WARN_INT_CONVERSION = YES;
				CLANG_WARN_NON_LITERAL_NULL_CONVERSION = YES;
				CLANG_WARN_OBJC_IMPLICIT_RETAIN_SELF = YES;
				CLANG_WARN_OBJC_LITERAL_CONVERSION = YES;
				CLANG_WARN_OBJC_ROOT_CLASS = YES_ERROR;
				CLANG_WARN_QUOTED_INCLUDE_IN_FRAMEWORK_HEADER = YES;
				CLANG_WARN_RANGE_LOOP_ANALYSIS = YES;
				CLANG_WARN_STRICT_PROTOTYPES = YES;
				CLANG_WARN_SUSPICIOUS_MOVE = YES;
				CLANG_WARN_UNGUARDED_AVAILABILITY = YES_AGGRESSIVE;
				CLANG_WARN_UNREACHABLE_CODE = YES;
				CLANG_WARN__DUPLICATE_METHOD_MATCH = YES;
				COPY_PHASE_STRIP = NO;
				DEBUG_INFORMATION_FORMAT = "dwarf-with-dsym";
				ENABLE_NS_ASSERTIONS = NO;
				ENABLE_STRICT_OBJC_MSGSEND = YES;
				ENABLE_USER_SCRIPT_SANDBOXING = YES;
				GCC_C_LANGUAGE_STANDARD = gnu17;
				GCC_NO_COMMON_BLOCKS = YES;
				GCC_WARN_64_TO_32_BIT_CONVERSION = YES;
				GCC_WARN_ABOUT_RETURN_TYPE = YES_ERROR;
				GCC_WARN_UNDECLARED_SELECTOR = YES;
				GCC_WARN_UNINITIALIZED_AUTOS = YES_AGGRESSIVE;
				GCC_WARN_UNUSED_FUNCTION = YES;
				GCC_WARN_UNUSED_VARIABLE = YES;
				IPHONEOS_DEPLOYMENT_TARGET = 17.2;
				LOCALIZATION_PREFERS_STRING_CATALOGS = YES;
				MTL_ENABLE_DEBUG_INFO = NO;
				MTL_FAST_MATH = YES;
				SDKROOT = iphoneos;
				SWIFT_COMPILATION_MODE = wholemodule;
				VALIDATE_PRODUCT = YES;
			};
			name = Release;
		};
		805B20712B401D720091699C /* Debug */ = {
			isa = XCBuildConfiguration;
			buildSettings = {
				ASSETCATALOG_COMPILER_APPICON_NAME = AppIcon;
				ASSETCATALOG_COMPILER_GLOBAL_ACCENT_COLOR_NAME = AccentColor;
				CODE_SIGN_STYLE = Automatic;
				CURRENT_PROJECT_VERSION = 1;
				DEVELOPMENT_ASSET_PATHS = "\"ProjectSF333/Preview Content\"";
				ENABLE_PREVIEWS = YES;
				GENERATE_INFOPLIST_FILE = YES;
				INFOPLIST_KEY_UIApplicationSceneManifest_Generation = YES;
				INFOPLIST_KEY_UIApplicationSupportsIndirectInputEvents = YES;
				INFOPLIST_KEY_UILaunchScreen_Generation = YES;
				INFOPLIST_KEY_UISupportedInterfaceOrientations_iPad = "UIInterfaceOrientationPortrait UIInterfaceOrientationPortraitUpsideDown UIInterfaceOrientationLandscapeLeft UIInterfaceOrientationLandscapeRight";
				INFOPLIST_KEY_UISupportedInterfaceOrientations_iPhone = "UIInterfaceOrientationPortrait UIInterfaceOrientationLandscapeLeft UIInterfaceOrientationLandscapeRight";
				LD_RUNPATH_SEARCH_PATHS = (
					"$(inherited)",
					"@executable_path/Frameworks",
				);
				MARKETING_VERSION = 1.0;
				PRODUCT_BUNDLE_IDENTIFIER = ac.tu.hommey.ProjectSF333;
				PRODUCT_NAME = "$(TARGET_NAME)";
				SWIFT_EMIT_LOC_STRINGS = YES;
				SWIFT_VERSION = 5.0;
				TARGETED_DEVICE_FAMILY = "1,2";
			};
			name = Debug;
		};
		805B20722B401D720091699C /* Release */ = {
			isa = XCBuildConfiguration;
			buildSettings = {
				ASSETCATALOG_COMPILER_APPICON_NAME = AppIcon;
				ASSETCATALOG_COMPILER_GLOBAL_ACCENT_COLOR_NAME = AccentColor;
				CODE_SIGN_STYLE = Automatic;
				CURRENT_PROJECT_VERSION = 1;
				DEVELOPMENT_ASSET_PATHS = "\"ProjectSF333/Preview Content\"";
				ENABLE_PREVIEWS = YES;
				GENERATE_INFOPLIST_FILE = YES;
				INFOPLIST_KEY_UIApplicationSceneManifest_Generation = YES;
				INFOPLIST_KEY_UIApplicationSupportsIndirectInputEvents = YES;
				INFOPLIST_KEY_UILaunchScreen_Generation = YES;
				INFOPLIST_KEY_UISupportedInterfaceOrientations_iPad = "UIInterfaceOrientationPortrait UIInterfaceOrientationPortraitUpsideDown UIInterfaceOrientationLandscapeLeft UIInterfaceOrientationLandscapeRight";
				INFOPLIST_KEY_UISupportedInterfaceOrientations_iPhone = "UIInterfaceOrientationPortrait UIInterfaceOrientationLandscapeLeft UIInterfaceOrientationLandscapeRight";
				LD_RUNPATH_SEARCH_PATHS = (
					"$(inherited)",
					"@executable_path/Frameworks",
				);
				MARKETING_VERSION = 1.0;
				PRODUCT_BUNDLE_IDENTIFIER = ac.tu.hommey.ProjectSF333;
				PRODUCT_NAME = "$(TARGET_NAME)";
				SWIFT_EMIT_LOC_STRINGS = YES;
				SWIFT_VERSION = 5.0;
				TARGETED_DEVICE_FAMILY = "1,2";
			};
			name = Release;
		};
		805B20742B401D720091699C /* Debug */ = {
			isa = XCBuildConfiguration;
			buildSettings = {
				ALWAYS_EMBED_SWIFT_STANDARD_LIBRARIES = YES;
				BUNDLE_LOADER = "$(TEST_HOST)";
				CODE_SIGN_STYLE = Automatic;
				CURRENT_PROJECT_VERSION = 1;
				GENERATE_INFOPLIST_FILE = YES;
				IPHONEOS_DEPLOYMENT_TARGET = 17.2;
				MARKETING_VERSION = 1.0;
				PRODUCT_BUNDLE_IDENTIFIER = ac.tu.hommey.ProjectSF333Tests;
				PRODUCT_NAME = "$(TARGET_NAME)";
				SWIFT_EMIT_LOC_STRINGS = NO;
				SWIFT_VERSION = 5.0;
				TARGETED_DEVICE_FAMILY = "1,2";
				TEST_HOST = "$(BUILT_PRODUCTS_DIR)/ProjectSF333.app/$(BUNDLE_EXECUTABLE_FOLDER_PATH)/ProjectSF333";
			};
			name = Debug;
		};
		805B20752B401D720091699C /* Release */ = {
			isa = XCBuildConfiguration;
			buildSettings = {
				ALWAYS_EMBED_SWIFT_STANDARD_LIBRARIES = YES;
				BUNDLE_LOADER = "$(TEST_HOST)";
				CODE_SIGN_STYLE = Automatic;
				CURRENT_PROJECT_VERSION = 1;
				GENERATE_INFOPLIST_FILE = YES;
				IPHONEOS_DEPLOYMENT_TARGET = 17.2;
				MARKETING_VERSION = 1.0;
				PRODUCT_BUNDLE_IDENTIFIER = ac.tu.hommey.ProjectSF333Tests;
				PRODUCT_NAME = "$(TARGET_NAME)";
				SWIFT_EMIT_LOC_STRINGS = NO;
				SWIFT_VERSION = 5.0;
				TARGETED_DEVICE_FAMILY = "1,2";
				TEST_HOST = "$(BUILT_PRODUCTS_DIR)/ProjectSF333.app/$(BUNDLE_EXECUTABLE_FOLDER_PATH)/ProjectSF333";
			};
			name = Release;
		};
		805B20772B401D720091699C /* Debug */ = {
			isa = XCBuildConfiguration;
			buildSettings = {
				ALWAYS_EMBED_SWIFT_STANDARD_LIBRARIES = YES;
				CODE_SIGN_STYLE = Automatic;
				CURRENT_PROJECT_VERSION = 1;
				GENERATE_INFOPLIST_FILE = YES;
				MARKETING_VERSION = 1.0;
				PRODUCT_BUNDLE_IDENTIFIER = ac.tu.hommey.ProjectSF333UITests;
				PRODUCT_NAME = "$(TARGET_NAME)";
				SWIFT_EMIT_LOC_STRINGS = NO;
				SWIFT_VERSION = 5.0;
				TARGETED_DEVICE_FAMILY = "1,2";
				TEST_TARGET_NAME = ProjectSF333;
			};
			name = Debug;
		};
		805B20782B401D720091699C /* Release */ = {
			isa = XCBuildConfiguration;
			buildSettings = {
				ALWAYS_EMBED_SWIFT_STANDARD_LIBRARIES = YES;
				CODE_SIGN_STYLE = Automatic;
				CURRENT_PROJECT_VERSION = 1;
				GENERATE_INFOPLIST_FILE = YES;
				MARKETING_VERSION = 1.0;
				PRODUCT_BUNDLE_IDENTIFIER = ac.tu.hommey.ProjectSF333UITests;
				PRODUCT_NAME = "$(TARGET_NAME)";
				SWIFT_EMIT_LOC_STRINGS = NO;
				SWIFT_VERSION = 5.0;
				TARGETED_DEVICE_FAMILY = "1,2";
				TEST_TARGET_NAME = ProjectSF333;
			};
			name = Release;
		};
/* End XCBuildConfiguration section */

/* Begin XCConfigurationList section */
		805B20472B401D700091699C /* Build configuration list for PBXProject "ProjectSF333" */ = {
			isa = XCConfigurationList;
			buildConfigurations = (
				805B206E2B401D720091699C /* Debug */,
				805B206F2B401D720091699C /* Release */,
			);
			defaultConfigurationIsVisible = 0;
			defaultConfigurationName = Release;
		};
		805B20702B401D720091699C /* Build configuration list for PBXNativeTarget "ProjectSF333" */ = {
			isa = XCConfigurationList;
			buildConfigurations = (
				805B20712B401D720091699C /* Debug */,
				805B20722B401D720091699C /* Release */,
			);
			defaultConfigurationIsVisible = 0;
			defaultConfigurationName = Release;
		};
		805B20732B401D720091699C /* Build configuration list for PBXNativeTarget "ProjectSF333Tests" */ = {
			isa = XCConfigurationList;
			buildConfigurations = (
				805B20742B401D720091699C /* Debug */,
				805B20752B401D720091699C /* Release */,
			);
			defaultConfigurationIsVisible = 0;
			defaultConfigurationName = Release;
		};
		805B20762B401D720091699C /* Build configuration list for PBXNativeTarget "ProjectSF333UITests" */ = {
			isa = XCConfigurationList;
			buildConfigurations = (
				805B20772B401D720091699C /* Debug */,
				805B20782B401D720091699C /* Release */,
			);
			defaultConfigurationIsVisible = 0;
			defaultConfigurationName = Release;
		};
/* End XCConfigurationList section */
	};
	rootObject = 805B20442B401D700091699C /* Project object */;
}
